
Microsoft Visual Studio Solution File, Format Version 12.00
# Visual Studio Version 16
VisualStudioVersion = 16.0.31227.588
MinimumVisualStudioVersion = 10.0.40219.1
Project("{FAE04EC0-301F-11D3-BF4B-00C04F79EFBC}") = "PerformanceSummaryToCsv", "PerformanceSummaryToCsv\PerformanceSummaryToCsv.csproj", "{250D82CD-B7CE-4285-B06F-88A48047889C}"
EndProject
Project("{FAE04EC0-301F-11D3-BF4B-00C04F79EFBC}") = "UnitTests", "UnitTests\UnitTests.csproj", "{62B02A3F-3543-4CAA-8DDA-90630E661311}"
EndProject
Global
	GlobalSection(SolutionConfigurationPlatforms) = preSolution
		Debug|Any CPU = Debug|Any CPU
		Release|Any CPU = Release|Any CPU
	EndGlobalSection
	GlobalSection(ProjectConfigurationPlatforms) = postSolution
		{250D82CD-B7CE-4285-B06F-88A48047889C}.Debug|Any CPU.ActiveCfg = Debug|Any CPU
		{250D82CD-B7CE-4285-B06F-88A48047889C}.Debug|Any CPU.Build.0 = Debug|Any CPU
		{250D82CD-B7CE-4285-B06F-88A48047889C}.Release|Any CPU.ActiveCfg = Release|Any CPU
		{250D82CD-B7CE-4285-B06F-88A48047889C}.Release|Any CPU.Build.0 = Release|Any CPU
		{62B02A3F-3543-4CAA-8DDA-90630E661311}.Debug|Any CPU.ActiveCfg = Debug|Any CPU
		{62B02A3F-3543-4CAA-8DDA-90630E661311}.Debug|Any CPU.Build.0 = Debug|Any CPU
		{62B02A3F-3543-4CAA-8DDA-90630E661311}.Release|Any CPU.ActiveCfg = Release|Any CPU
		{62B02A3F-3543-4CAA-8DDA-90630E661311}.Release|Any CPU.Build.0 = Release|Any CPU
	EndGlobalSection
	GlobalSection(SolutionProperties) = preSolution
		HideSolutionNode = FALSE
	EndGlobalSection
	GlobalSection(ExtensibilityGlobals) = postSolution
		SolutionGuid = {9219D9AB-7E9A-4DC8-8552-0CBE487E50EE}
	EndGlobalSection
EndGlobal
